// !$*UTF8*$!
{
	archiveVersion = 1;
	classes = {
	};
	objectVersion = 46;
	objects = {

/* Begin PBXBuildFile section */
		C10BC7A71AB8FE03002F0D0F /* main.cpp in Sources */ = {isa = PBXBuildFile; fileRef = C10BC7A61AB8FE03002F0D0F /* main.cpp */; };
/* End PBXBuildFile section */

/* Begin PBXCopyFilesBuildPhase section */
		C10BC7A11AB8FE03002F0D0F /* CopyFiles */ = {
			isa = PBXCopyFilesBuildPhase;
			buildActionMask = 2147483647;
			dstPath = /usr/share/man/man1/;
			dstSubfolderSpec = 0;
			files = (
			);
			runOnlyForDeploymentPostprocessing = 1;
		};
/* End PBXCopyFilesBuildPhase section */

/* Begin PBXFileReference section */
		C10BC7A31AB8FE03002F0D0F /* problemFive */ = {isa = PBXFileReference; explicitFileType = "compiled.mach-o.executable"; includeInIndex = 0; path = problemFive; sourceTree = BUILT_PRODUCTS_DIR; };
		C10BC7A61AB8FE03002F0D0F /* main.cpp */ = {isa = PBXFileReference; lastKnownFileType = sourcecode.cpp.cpp; path = main.cpp; sourceTree = "<group>"; };
/* End PBXFileReference section */

/* Begin PBXFrameworksBuildPhase section */
		C10BC7A01AB8FE03002F0D0F /* Frameworks */ = {
			isa = PBXFrameworksBuildPhase;
			buildActionMask = 2147483647;
			files = (
			);
			runOnlyForDeploymentPostprocessing = 0;
		};
/* End PBXFrameworksBuildPhase section */

/* Begin PBXGroup section */
		C10BC79A1AB8FE03002F0D0F = {
			isa = PBXGroup;
			children = (
				C10BC7A51AB8FE03002F0D0F /* problemFive */,
				C10BC7A41AB8FE03002F0D0F /* Products */,
			);
			sourceTree = "<group>";
		};
		C10BC7A41AB8FE03002F0D0F /* Products */ = {
			isa = PBXGroup;
			children = (
				C10BC7A31AB8FE03002F0D0F /* problemFive */,
			);
			name = Products;
			sourceTree = "<group>";
		};
		C10BC7A51AB8FE03002F0D0F /* problemFive */ = {
			isa = PBXGroup;
			children = (
				C10BC7A61AB8FE03002F0D0F /* main.cpp */,
			);
			path = problemFive;
			sourceTree = "<group>";
		};
/* End PBXGroup section */

/* Begin PBXNativeTarget section */
		C10BC7A21AB8FE03002F0D0F /* problemFive */ = {
			isa = PBXNativeTarget;
			buildConfigurationList = C10BC7AA1AB8FE03002F0D0F /* Build configuration list for PBXNativeTarget "problemFive" */;
			buildPhases = (
				C10BC79F1AB8FE03002F0D0F /* Sources */,
				C10BC7A01AB8FE03002F0D0F /* Frameworks */,
				C10BC7A11AB8FE03002F0D0F /* CopyFiles */,
			);
			buildRules = (
			);
			dependencies = (
			);
			name = problemFive;
			productName = problemFive;
			productReference = C10BC7A31AB8FE03002F0D0F /* problemFive */;
			productType = "com.apple.product-type.tool";
		};
/* End PBXNativeTarget section */

/* Begin PBXProject section */
		C10BC79B1AB8FE03002F0D0F /* Project object */ = {
			isa = PBXProject;
			attributes = {
				LastUpgradeCheck = 0620;
				ORGANIZATIONNAME = "Tayseer Edouni";
				TargetAttributes = {
					C10BC7A21AB8FE03002F0D0F = {
						CreatedOnToolsVersion = 6.2;
					};
				};
			};
			buildConfigurationList = C10BC79E1AB8FE03002F0D0F /* Build configuration list for PBXProject "problemFive" */;
			compatibilityVersion = "Xcode 3.2";
			developmentRegion = English;
			hasScannedForEncodings = 0;
			knownRegions = (
				en,
			);
			mainGroup = C10BC79A1AB8FE03002F0D0F;
			productRefGroup = C10BC7A41AB8FE03002F0D0F /* Products */;
			projectDirPath = "";
			projectRoot = "";
			targets = (
				C10BC7A21AB8FE03002F0D0F /* problemFive */,
			);
		};
/* End PBXProject section */

/* Begin PBXSourcesBuildPhase section */
		C10BC79F1AB8FE03002F0D0F /* Sources */ = {
			isa = PBXSourcesBuildPhase;
			buildActionMask = 2147483647;
			files = (
				C10BC7A71AB8FE03002F0D0F /* main.cpp in Sources */,
			);
			runOnlyForDeploymentPostprocessing = 0;
		};
/* End PBXSourcesBuildPhase section */

/* Begin XCBuildConfiguration section */
		C10BC7A81AB8FE03002F0D0F /* Debug */ = {
			isa = XCBuildConfiguration;
			buildSettings = {
				ALWAYS_SEARCH_USER_PATHS = NO;
				CLANG_CXX_LANGUAGE_STANDARD = "gnu++0x";
				CLANG_CXX_LIBRARY = "libc++";
				CLANG_ENABLE_MODULES = YES;
				CLANG_ENABLE_OBJC_ARC = YES;
				CLANG_WARN_BOOL_CONVERSION = YES;
				CLANG_WARN_CONSTANT_CONVERSION = YES;
				CLANG_WARN_DIRECT_OBJC_ISA_USAGE = YES_ERROR;
				CLANG_WARN_EMPTY_BODY = YES;
				CLANG_WARN_ENUM_CONVERSION = YES;
				CLANG_WARN_INT_CONVERSION = YES;
				CLANG_WARN_OBJC_ROOT_CLASS = YES_ERROR;
				CLANG_WARN_UNREACHABLE_CODE = YES;
				CLANG_WARN__DUPLICATE_METHOD_MATCH = YES;
				COPY_PHASE_STRIP = NO;
				ENABLE_STRICT_OBJC_MSGSEND = YES;
				GCC_C_LANGUAGE_STANDARD = gnu99;
				GCC_DYNAMIC_NO_PIC = NO;
				GCC_OPTIMIZATION_LEVEL = 0;
				GCC_PREPROCESSOR_DEFINITIONS = (
					"DEBUG=1",
					"$(inherited)",
				);
				GCC_SYMBOLS_PRIVATE_EXTERN = NO;
				GCC_WARN_64_TO_32_BIT_CONVERSION = YES;
				GCC_WARN_ABOUT_RETURN_TYPE = YES_ERROR;
				GCC_WARN_UNDECLARED_SELECTOR = YES;
				GCC_WARN_UNINITIALIZED_AUTOS = YES_AGGRESSIVE;
				GCC_WARN_UNUSED_FUNCTION = YES;
				GCC_WARN_UNUSED_VARIABLE = YES;
				MACOSX_DEPLOYMENT_TARGET = 10.10;
				MTL_ENABLE_DEBUG_INFO = YES;
				ONLY_ACTIVE_ARCH = YES;
				SDKROOT = macosx;
			};
			name = Debug;
		};
		C10BC7A91AB8FE03002F0D0F /* Release */ = {
			isa = XCBuildConfiguration;
			buildSettings = {
				ALWAYS_SEARCH_USER_PATHS = NO;
				CLANG_CXX_LANGUAGE_STANDARD = "gnu++0x";
				CLANG_CXX_LIBRARY = "libc++";
				CLANG_ENABLE_MODULES = YES;
				CLANG_ENABLE_OBJC_ARC = YES;
				CLANG_WARN_BOOL_CONVERSION = YES;
				CLANG_WARN_CONSTANT_CONVERSION = YES;
				CLANG_WARN_DIRECT_OBJC_ISA_USAGE = YES_ERROR;
				CLANG_WARN_EMPTY_BODY = YES;
				CLANG_WARN_ENUM_CONVERSION = YES;
				CLANG_WARN_INT_CONVERSION = YES;
				CLANG_WARN_OBJC_ROOT_CLASS = YES_ERROR;
				CLANG_WARN_UNREACHABLE_CODE = YES;
				CLANG_WARN__DUPLICATE_METHOD_MATCH = YES;
				COPY_PHASE_STRIP = NO;
				DEBUG_INFORMATION_FORMAT = "dwarf-with-dsym";
				ENABLE_NS_ASSERTIONS = NO;
				ENABLE_STRICT_OBJC_MSGSEND = YES;
				GCC_C_LANGUAGE_STANDARD = gnu99;
				GCC_WARN_64_TO_32_BIT_CONVERSION = YES;
				GCC_WARN_ABOUT_RETURN_TYPE = YES_ERROR;
				GCC_WARN_UNDECLARED_SELECTOR = YES;
				GCC_WARN_UNINITIALIZED_AUTOS = YES_AGGRESSIVE;
				GCC_WARN_UNUSED_FUNCTION = YES;
				GCC_WARN_UNUSED_VARIABLE = YES;
				MACOSX_DEPLOYMENT_TARGET = 10.10;
				MTL_ENABLE_DEBUG_INFO = NO;
				SDKROOT = macosx;
			};
			name = Release;
		};
		C10BC7AB1AB8FE03002F0D0F /* Debug */ = {
			isa = XCBuildConfiguration;
			buildSettings = {
				PRODUCT_NAME = "$(TARGET_NAME)";
			};
			name = Debug;
		};
		C10BC7AC1AB8FE03002F0D0F /* Release */ = {
			isa = XCBuildConfiguration;
			buildSettings = {
				PRODUCT_NAME = "$(TARGET_NAME)";
			};
			name = Release;
		};
/* End XCBuildConfiguration section */

/* Begin XCConfigurationList section */
		C10BC79E1AB8FE03002F0D0F /* Build configuration list for PBXProject "problemFive" */ = {
			isa = XCConfigurationList;
			buildConfigurations = (
				C10BC7A81AB8FE03002F0D0F /* Debug */,
				C10BC7A91AB8FE03002F0D0F /* Release */,
			);
			defaultConfigurationIsVisible = 0;
			defaultConfigurationName = Release;
		};
		C10BC7AA1AB8FE03002F0D0F /* Build configuration list for PBXNativeTarget "problemFive" */ = {
			isa = XCConfigurationList;
			buildConfigurations = (
				C10BC7AB1AB8FE03002F0D0F /* Debug */,
				C10BC7AC1AB8FE03002F0D0F /* Release */,
			);
			defaultConfigurationIsVisible = 0;
		};
/* End XCConfigurationList section */
	};
	rootObject = C10BC79B1AB8FE03002F0D0F /* Project object */;
}
