// !$*UTF8*$!
{
	archiveVersion = 1;
	classes = {
	};
	objectVersion = 46;
	objects = {

/* Begin PBXBuildFile section */
		C15AE7991A75F2FC0016F9C5 /* main.cpp in Sources */ = {isa = PBXBuildFile; fileRef = C15AE7981A75F2FC0016F9C5 /* main.cpp */; };
/* End PBXBuildFile section */

/* Begin PBXCopyFilesBuildPhase section */
		C15AE7931A75F2FC0016F9C5 /* CopyFiles */ = {
			isa = PBXCopyFilesBuildPhase;
			buildActionMask = 2147483647;
			dstPath = /usr/share/man/man1/;
			dstSubfolderSpec = 0;
			files = (
			);
			runOnlyForDeploymentPostprocessing = 1;
		};
/* End PBXCopyFilesBuildPhase section */

/* Begin PBXFileReference section */
		C15AE7951A75F2FC0016F9C5 /* assignmentOne */ = {isa = PBXFileReference; explicitFileType = "compiled.mach-o.executable"; includeInIndex = 0; path = assignmentOne; sourceTree = BUILT_PRODUCTS_DIR; };
		C15AE7981A75F2FC0016F9C5 /* main.cpp */ = {isa = PBXFileReference; lastKnownFileType = sourcecode.cpp.cpp; path = main.cpp; sourceTree = "<group>"; };
/* End PBXFileReference section */

/* Begin PBXFrameworksBuildPhase section */
		C15AE7921A75F2FC0016F9C5 /* Frameworks */ = {
			isa = PBXFrameworksBuildPhase;
			buildActionMask = 2147483647;
			files = (
			);
			runOnlyForDeploymentPostprocessing = 0;
		};
/* End PBXFrameworksBuildPhase section */

/* Begin PBXGroup section */
		C15AE78C1A75F2FC0016F9C5 = {
			isa = PBXGroup;
			children = (
				C15AE7971A75F2FC0016F9C5 /* assignmentOne */,
				C15AE7961A75F2FC0016F9C5 /* Products */,
			);
			sourceTree = "<group>";
		};
		C15AE7961A75F2FC0016F9C5 /* Products */ = {
			isa = PBXGroup;
			children = (
				C15AE7951A75F2FC0016F9C5 /* assignmentOne */,
			);
			name = Products;
			sourceTree = "<group>";
		};
		C15AE7971A75F2FC0016F9C5 /* assignmentOne */ = {
			isa = PBXGroup;
			children = (
				C15AE7981A75F2FC0016F9C5 /* main.cpp */,
			);
			path = assignmentOne;
			sourceTree = "<group>";
		};
/* End PBXGroup section */

/* Begin PBXNativeTarget section */
		C15AE7941A75F2FC0016F9C5 /* assignmentOne */ = {
			isa = PBXNativeTarget;
			buildConfigurationList = C15AE79C1A75F2FC0016F9C5 /* Build configuration list for PBXNativeTarget "assignmentOne" */;
			buildPhases = (
				C15AE7911A75F2FC0016F9C5 /* Sources */,
				C15AE7921A75F2FC0016F9C5 /* Frameworks */,
				C15AE7931A75F2FC0016F9C5 /* CopyFiles */,
			);
			buildRules = (
			);
			dependencies = (
			);
			name = assignmentOne;
			productName = assignmentOne;
			productReference = C15AE7951A75F2FC0016F9C5 /* assignmentOne */;
			productType = "com.apple.product-type.tool";
		};
/* End PBXNativeTarget section */

/* Begin PBXProject section */
		C15AE78D1A75F2FC0016F9C5 /* Project object */ = {
			isa = PBXProject;
			attributes = {
				LastUpgradeCheck = 0610;
				ORGANIZATIONNAME = "Tayseer Edouni";
				TargetAttributes = {
					C15AE7941A75F2FC0016F9C5 = {
						CreatedOnToolsVersion = 6.1.1;
					};
				};
			};
			buildConfigurationList = C15AE7901A75F2FC0016F9C5 /* Build configuration list for PBXProject "assignmentOne" */;
			compatibilityVersion = "Xcode 3.2";
			developmentRegion = English;
			hasScannedForEncodings = 0;
			knownRegions = (
				en,
			);
			mainGroup = C15AE78C1A75F2FC0016F9C5;
			productRefGroup = C15AE7961A75F2FC0016F9C5 /* Products */;
			projectDirPath = "";
			projectRoot = "";
			targets = (
				C15AE7941A75F2FC0016F9C5 /* assignmentOne */,
			);
		};
/* End PBXProject section */

/* Begin PBXSourcesBuildPhase section */
		C15AE7911A75F2FC0016F9C5 /* Sources */ = {
			isa = PBXSourcesBuildPhase;
			buildActionMask = 2147483647;
			files = (
				C15AE7991A75F2FC0016F9C5 /* main.cpp in Sources */,
			);
			runOnlyForDeploymentPostprocessing = 0;
		};
/* End PBXSourcesBuildPhase section */

/* Begin XCBuildConfiguration section */
		C15AE79A1A75F2FC0016F9C5 /* Debug */ = {
			isa = XCBuildConfiguration;
			buildSettings = {
				ALWAYS_SEARCH_USER_PATHS = NO;
				CLANG_CXX_LANGUAGE_STANDARD = "gnu++0x";
				CLANG_CXX_LIBRARY = "libc++";
				CLANG_ENABLE_MODULES = YES;
				CLANG_ENABLE_OBJC_ARC = YES;
				CLANG_WARN_BOOL_CONVERSION = YES;
				CLANG_WARN_CONSTANT_CONVERSION = YES;
				CLANG_WARN_DIRECT_OBJC_ISA_USAGE = YES_ERROR;
				CLANG_WARN_EMPTY_BODY = YES;
				CLANG_WARN_ENUM_CONVERSION = YES;
				CLANG_WARN_INT_CONVERSION = YES;
				CLANG_WARN_OBJC_ROOT_CLASS = YES_ERROR;
				CLANG_WARN_UNREACHABLE_CODE = YES;
				CLANG_WARN__DUPLICATE_METHOD_MATCH = YES;
				COPY_PHASE_STRIP = NO;
				ENABLE_STRICT_OBJC_MSGSEND = YES;
				GCC_C_LANGUAGE_STANDARD = gnu99;
				GCC_DYNAMIC_NO_PIC = NO;
				GCC_OPTIMIZATION_LEVEL = 0;
				GCC_PREPROCESSOR_DEFINITIONS = (
					"DEBUG=1",
					"$(inherited)",
				);
				GCC_SYMBOLS_PRIVATE_EXTERN = NO;
				GCC_WARN_64_TO_32_BIT_CONVERSION = YES;
				GCC_WARN_ABOUT_RETURN_TYPE = YES_ERROR;
				GCC_WARN_UNDECLARED_SELECTOR = YES;
				GCC_WARN_UNINITIALIZED_AUTOS = YES_AGGRESSIVE;
				GCC_WARN_UNUSED_FUNCTION = YES;
				GCC_WARN_UNUSED_VARIABLE = YES;
				MACOSX_DEPLOYMENT_TARGET = 10.10;
				MTL_ENABLE_DEBUG_INFO = YES;
				ONLY_ACTIVE_ARCH = YES;
				SDKROOT = macosx;
			};
			name = Debug;
		};
		C15AE79B1A75F2FC0016F9C5 /* Release */ = {
			isa = XCBuildConfiguration;
			buildSettings = {
				ALWAYS_SEARCH_USER_PATHS = NO;
				CLANG_CXX_LANGUAGE_STANDARD = "gnu++0x";
				CLANG_CXX_LIBRARY = "libc++";
				CLANG_ENABLE_MODULES = YES;
				CLANG_ENABLE_OBJC_ARC = YES;
				CLANG_WARN_BOOL_CONVERSION = YES;
				CLANG_WARN_CONSTANT_CONVERSION = YES;
				CLANG_WARN_DIRECT_OBJC_ISA_USAGE = YES_ERROR;
				CLANG_WARN_EMPTY_BODY = YES;
				CLANG_WARN_ENUM_CONVERSION = YES;
				CLANG_WARN_INT_CONVERSION = YES;
				CLANG_WARN_OBJC_ROOT_CLASS = YES_ERROR;
				CLANG_WARN_UNREACHABLE_CODE = YES;
				CLANG_WARN__DUPLICATE_METHOD_MATCH = YES;
				COPY_PHASE_STRIP = YES;
				DEBUG_INFORMATION_FORMAT = "dwarf-with-dsym";
				ENABLE_NS_ASSERTIONS = NO;
				ENABLE_STRICT_OBJC_MSGSEND = YES;
				GCC_C_LANGUAGE_STANDARD = gnu99;
				GCC_WARN_64_TO_32_BIT_CONVERSION = YES;
				GCC_WARN_ABOUT_RETURN_TYPE = YES_ERROR;
				GCC_WARN_UNDECLARED_SELECTOR = YES;
				GCC_WARN_UNINITIALIZED_AUTOS = YES_AGGRESSIVE;
				GCC_WARN_UNUSED_FUNCTION = YES;
				GCC_WARN_UNUSED_VARIABLE = YES;
				MACOSX_DEPLOYMENT_TARGET = 10.10;
				MTL_ENABLE_DEBUG_INFO = NO;
				SDKROOT = macosx;
			};
			name = Release;
		};
		C15AE79D1A75F2FC0016F9C5 /* Debug */ = {
			isa = XCBuildConfiguration;
			buildSettings = {
				PRODUCT_NAME = "$(TARGET_NAME)";
			};
			name = Debug;
		};
		C15AE79E1A75F2FC0016F9C5 /* Release */ = {
			isa = XCBuildConfiguration;
			buildSettings = {
				PRODUCT_NAME = "$(TARGET_NAME)";
			};
			name = Release;
		};
/* End XCBuildConfiguration section */

/* Begin XCConfigurationList section */
		C15AE7901A75F2FC0016F9C5 /* Build configuration list for PBXProject "assignmentOne" */ = {
			isa = XCConfigurationList;
			buildConfigurations = (
				C15AE79A1A75F2FC0016F9C5 /* Debug */,
				C15AE79B1A75F2FC0016F9C5 /* Release */,
			);
			defaultConfigurationIsVisible = 0;
			defaultConfigurationName = Release;
		};
		C15AE79C1A75F2FC0016F9C5 /* Build configuration list for PBXNativeTarget "assignmentOne" */ = {
			isa = XCConfigurationList;
			buildConfigurations = (
				C15AE79D1A75F2FC0016F9C5 /* Debug */,
				C15AE79E1A75F2FC0016F9C5 /* Release */,
			);
			defaultConfigurationIsVisible = 0;
		};
/* End XCConfigurationList section */
	};
	rootObject = C15AE78D1A75F2FC0016F9C5 /* Project object */;
}
